// !$*UTF8*$!
{
	archiveVersion = 1;
	classes = {
	};
	objectVersion = 56;
	objects = {

/* Begin PBXBuildFile section */
		863DCE012B39AB3400BF21BD /* AppDelegate.swift in Sources */ = {isa = PBXBuildFile; fileRef = 863DCE002B39AB3400BF21BD /* AppDelegate.swift */; };
		863DCE032B39AB3400BF21BD /* SceneDelegate.swift in Sources */ = {isa = PBXBuildFile; fileRef = 863DCE022B39AB3400BF21BD /* SceneDelegate.swift */; };
		863DCE052B39AB3400BF21BD /* RMTabBarViewController.swift in Sources */ = {isa = PBXBuildFile; fileRef = 863DCE042B39AB3400BF21BD /* RMTabBarViewController.swift */; };
		863DCE0A2B39AB3500BF21BD /* Assets.xcassets in Resources */ = {isa = PBXBuildFile; fileRef = 863DCE092B39AB3500BF21BD /* Assets.xcassets */; };
		863DCE0D2B39AB3500BF21BD /* LaunchScreen.storyboard in Resources */ = {isa = PBXBuildFile; fileRef = 863DCE0B2B39AB3500BF21BD /* LaunchScreen.storyboard */; };
		863DCE252B39E5C300BF21BD /* RMLocation.swift in Sources */ = {isa = PBXBuildFile; fileRef = 863DCE242B39E5C300BF21BD /* RMLocation.swift */; };
		863DCE2B2B39E65300BF21BD /* RMCharacter.swift in Sources */ = {isa = PBXBuildFile; fileRef = 863DCE2A2B39E65300BF21BD /* RMCharacter.swift */; };
		863DCE2D2B39E65C00BF21BD /* RMEpisode.swift in Sources */ = {isa = PBXBuildFile; fileRef = 863DCE2C2B39E65C00BF21BD /* RMEpisode.swift */; };
		863DCE302B39E73300BF21BD /* RMCharacterViewController.swift in Sources */ = {isa = PBXBuildFile; fileRef = 863DCE2F2B39E73300BF21BD /* RMCharacterViewController.swift */; };
		863DCE322B39E74600BF21BD /* RMLocationViewController.swift in Sources */ = {isa = PBXBuildFile; fileRef = 863DCE312B39E74600BF21BD /* RMLocationViewController.swift */; };
		863DCE342B39E74F00BF21BD /* RMEpisodeViewController.swift in Sources */ = {isa = PBXBuildFile; fileRef = 863DCE332B39E74F00BF21BD /* RMEpisodeViewController.swift */; };
		863DCE362B39E77A00BF21BD /* RMSettingsViewController.swift in Sources */ = {isa = PBXBuildFile; fileRef = 863DCE352B39E77A00BF21BD /* RMSettingsViewController.swift */; };
		865D7A492BC692B7006F4919 /* RMService.swift in Sources */ = {isa = PBXBuildFile; fileRef = 865D7A482BC692B7006F4919 /* RMService.swift */; };
		865D7A4B2BC692C5006F4919 /* RMRequest.swift in Sources */ = {isa = PBXBuildFile; fileRef = 865D7A4A2BC692C5006F4919 /* RMRequest.swift */; };
		865D7A4D2BC695ED006F4919 /* RMEndpoint.swift in Sources */ = {isa = PBXBuildFile; fileRef = 865D7A4C2BC695ED006F4919 /* RMEndpoint.swift */; };
		865D7A4F2BC6AACF006F4919 /* RMOrigin.swift in Sources */ = {isa = PBXBuildFile; fileRef = 865D7A4E2BC6AACF006F4919 /* RMOrigin.swift */; };
		865D7A512BC6AB09006F4919 /* RMSingleLocation.swift in Sources */ = {isa = PBXBuildFile; fileRef = 865D7A502BC6AB09006F4919 /* RMSingleLocation.swift */; };
		865D7A532BC6ADD5006F4919 /* RMCharacterStatus.swift in Sources */ = {isa = PBXBuildFile; fileRef = 865D7A522BC6ADD5006F4919 /* RMCharacterStatus.swift */; };
		865D7A552BC6AE07006F4919 /* RMCharacterGender.swift in Sources */ = {isa = PBXBuildFile; fileRef = 865D7A542BC6AE07006F4919 /* RMCharacterGender.swift */; };
/* End PBXBuildFile section */

/* Begin PBXFileReference section */
		863DCDFD2B39AB3400BF21BD /* RickAndMorty.app */ = {isa = PBXFileReference; explicitFileType = wrapper.application; includeInIndex = 0; path = RickAndMorty.app; sourceTree = BUILT_PRODUCTS_DIR; };
		863DCE002B39AB3400BF21BD /* AppDelegate.swift */ = {isa = PBXFileReference; lastKnownFileType = sourcecode.swift; path = AppDelegate.swift; sourceTree = "<group>"; };
		863DCE022B39AB3400BF21BD /* SceneDelegate.swift */ = {isa = PBXFileReference; lastKnownFileType = sourcecode.swift; path = SceneDelegate.swift; sourceTree = "<group>"; };
		863DCE042B39AB3400BF21BD /* RMTabBarViewController.swift */ = {isa = PBXFileReference; lastKnownFileType = sourcecode.swift; path = RMTabBarViewController.swift; sourceTree = "<group>"; };
		863DCE092B39AB3500BF21BD /* Assets.xcassets */ = {isa = PBXFileReference; lastKnownFileType = folder.assetcatalog; path = Assets.xcassets; sourceTree = "<group>"; };
		863DCE0C2B39AB3500BF21BD /* Base */ = {isa = PBXFileReference; lastKnownFileType = file.storyboard; name = Base; path = Base.lproj/LaunchScreen.storyboard; sourceTree = "<group>"; };
		863DCE0E2B39AB3500BF21BD /* Info.plist */ = {isa = PBXFileReference; lastKnownFileType = text.plist.xml; path = Info.plist; sourceTree = "<group>"; };
		863DCE242B39E5C300BF21BD /* RMLocation.swift */ = {isa = PBXFileReference; lastKnownFileType = sourcecode.swift; path = RMLocation.swift; sourceTree = "<group>"; };
		863DCE2A2B39E65300BF21BD /* RMCharacter.swift */ = {isa = PBXFileReference; lastKnownFileType = sourcecode.swift; path = RMCharacter.swift; sourceTree = "<group>"; };
		863DCE2C2B39E65C00BF21BD /* RMEpisode.swift */ = {isa = PBXFileReference; lastKnownFileType = sourcecode.swift; path = RMEpisode.swift; sourceTree = "<group>"; };
		863DCE2F2B39E73300BF21BD /* RMCharacterViewController.swift */ = {isa = PBXFileReference; lastKnownFileType = sourcecode.swift; path = RMCharacterViewController.swift; sourceTree = "<group>"; };
		863DCE312B39E74600BF21BD /* RMLocationViewController.swift */ = {isa = PBXFileReference; lastKnownFileType = sourcecode.swift; path = RMLocationViewController.swift; sourceTree = "<group>"; };
		863DCE332B39E74F00BF21BD /* RMEpisodeViewController.swift */ = {isa = PBXFileReference; lastKnownFileType = sourcecode.swift; path = RMEpisodeViewController.swift; sourceTree = "<group>"; };
		863DCE352B39E77A00BF21BD /* RMSettingsViewController.swift */ = {isa = PBXFileReference; lastKnownFileType = sourcecode.swift; path = RMSettingsViewController.swift; sourceTree = "<group>"; };
		865D7A482BC692B7006F4919 /* RMService.swift */ = {isa = PBXFileReference; lastKnownFileType = sourcecode.swift; path = RMService.swift; sourceTree = "<group>"; };
		865D7A4A2BC692C5006F4919 /* RMRequest.swift */ = {isa = PBXFileReference; lastKnownFileType = sourcecode.swift; path = RMRequest.swift; sourceTree = "<group>"; };
		865D7A4C2BC695ED006F4919 /* RMEndpoint.swift */ = {isa = PBXFileReference; lastKnownFileType = sourcecode.swift; path = RMEndpoint.swift; sourceTree = "<group>"; };
		865D7A4E2BC6AACF006F4919 /* RMOrigin.swift */ = {isa = PBXFileReference; lastKnownFileType = sourcecode.swift; path = RMOrigin.swift; sourceTree = "<group>"; };
		865D7A502BC6AB09006F4919 /* RMSingleLocation.swift */ = {isa = PBXFileReference; lastKnownFileType = sourcecode.swift; path = RMSingleLocation.swift; sourceTree = "<group>"; };
		865D7A522BC6ADD5006F4919 /* RMCharacterStatus.swift */ = {isa = PBXFileReference; lastKnownFileType = sourcecode.swift; path = RMCharacterStatus.swift; sourceTree = "<group>"; };
		865D7A542BC6AE07006F4919 /* RMCharacterGender.swift */ = {isa = PBXFileReference; lastKnownFileType = sourcecode.swift; path = RMCharacterGender.swift; sourceTree = "<group>"; };
/* End PBXFileReference section */

/* Begin PBXFrameworksBuildPhase section */
		863DCDFA2B39AB3400BF21BD /* Frameworks */ = {
			isa = PBXFrameworksBuildPhase;
			buildActionMask = 2147483647;
			files = (
			);
			runOnlyForDeploymentPostprocessing = 0;
		};
/* End PBXFrameworksBuildPhase section */

/* Begin PBXGroup section */
		863DCDF42B39AB3300BF21BD = {
			isa = PBXGroup;
			children = (
				863DCDFF2B39AB3400BF21BD /* RickAndMorty */,
				863DCDFE2B39AB3400BF21BD /* Products */,
			);
			sourceTree = "<group>";
		};
		863DCDFE2B39AB3400BF21BD /* Products */ = {
			isa = PBXGroup;
			children = (
				863DCDFD2B39AB3400BF21BD /* RickAndMorty.app */,
			);
			name = Products;
			sourceTree = "<group>";
		};
		863DCDFF2B39AB3400BF21BD /* RickAndMorty */ = {
			isa = PBXGroup;
			children = (
				863DCE1A2B39AF2E00BF21BD /* Resources */,
				863DCE292B39E5E100BF21BD /* Managers */,
				863DCE282B39E5D800BF21BD /* APIClient */,
				863DCE272B39E5D000BF21BD /* ViewModel */,
				863DCE262B39E5C900BF21BD /* Views */,
				863DCE232B39E5B200BF21BD /* Models */,
				863DCE142B39AEB600BF21BD /* Controllers */,
				863DCE0E2B39AB3500BF21BD /* Info.plist */,
			);
			path = RickAndMorty;
			sourceTree = "<group>";
		};
		863DCE142B39AEB600BF21BD /* Controllers */ = {
			isa = PBXGroup;
			children = (
				863DCE2E2B39E70100BF21BD /* Core */,
			);
			path = Controllers;
			sourceTree = "<group>";
		};
		863DCE1A2B39AF2E00BF21BD /* Resources */ = {
			isa = PBXGroup;
			children = (
				863DCE092B39AB3500BF21BD /* Assets.xcassets */,
				863DCE0B2B39AB3500BF21BD /* LaunchScreen.storyboard */,
				863DCE002B39AB3400BF21BD /* AppDelegate.swift */,
				863DCE022B39AB3400BF21BD /* SceneDelegate.swift */,
			);
			path = Resources;
			sourceTree = "<group>";
		};
		863DCE232B39E5B200BF21BD /* Models */ = {
			isa = PBXGroup;
			children = (
				863DCE242B39E5C300BF21BD /* RMLocation.swift */,
				863DCE2A2B39E65300BF21BD /* RMCharacter.swift */,
				863DCE2C2B39E65C00BF21BD /* RMEpisode.swift */,
				865D7A4E2BC6AACF006F4919 /* RMOrigin.swift */,
				865D7A502BC6AB09006F4919 /* RMSingleLocation.swift */,
				865D7A522BC6ADD5006F4919 /* RMCharacterStatus.swift */,
				865D7A542BC6AE07006F4919 /* RMCharacterGender.swift */,
			);
			path = Models;
			sourceTree = "<group>";
		};
		863DCE262B39E5C900BF21BD /* Views */ = {
			isa = PBXGroup;
			children = (
			);
			path = Views;
			sourceTree = "<group>";
		};
		863DCE272B39E5D000BF21BD /* ViewModel */ = {
			isa = PBXGroup;
			children = (
			);
			path = ViewModel;
			sourceTree = "<group>";
		};
		863DCE282B39E5D800BF21BD /* APIClient */ = {
			isa = PBXGroup;
			children = (
				865D7A482BC692B7006F4919 /* RMService.swift */,
				865D7A4A2BC692C5006F4919 /* RMRequest.swift */,
				865D7A4C2BC695ED006F4919 /* RMEndpoint.swift */,
			);
			path = APIClient;
			sourceTree = "<group>";
		};
		863DCE292B39E5E100BF21BD /* Managers */ = {
			isa = PBXGroup;
			children = (
			);
			path = Managers;
			sourceTree = "<group>";
		};
		863DCE2E2B39E70100BF21BD /* Core */ = {
			isa = PBXGroup;
			children = (
				863DCE042B39AB3400BF21BD /* RMTabBarViewController.swift */,
				863DCE2F2B39E73300BF21BD /* RMCharacterViewController.swift */,
				863DCE312B39E74600BF21BD /* RMLocationViewController.swift */,
				863DCE332B39E74F00BF21BD /* RMEpisodeViewController.swift */,
				863DCE352B39E77A00BF21BD /* RMSettingsViewController.swift */,
			);
			path = Core;
			sourceTree = "<group>";
		};
/* End PBXGroup section */

/* Begin PBXNativeTarget section */
		863DCDFC2B39AB3400BF21BD /* RickAndMorty */ = {
			isa = PBXNativeTarget;
			buildConfigurationList = 863DCE112B39AB3500BF21BD /* Build configuration list for PBXNativeTarget "RickAndMorty" */;
			buildPhases = (
				863DCDF92B39AB3400BF21BD /* Sources */,
				863DCDFA2B39AB3400BF21BD /* Frameworks */,
				863DCDFB2B39AB3400BF21BD /* Resources */,
			);
			buildRules = (
			);
			dependencies = (
			);
			name = RickAndMorty;
			productName = RickAndMorty;
			productReference = 863DCDFD2B39AB3400BF21BD /* RickAndMorty.app */;
			productType = "com.apple.product-type.application";
		};
/* End PBXNativeTarget section */

/* Begin PBXProject section */
		863DCDF52B39AB3300BF21BD /* Project object */ = {
			isa = PBXProject;
			attributes = {
				BuildIndependentTargetsInParallel = 1;
				LastSwiftUpdateCheck = 1420;
				LastUpgradeCheck = 1530;
				TargetAttributes = {
					863DCDFC2B39AB3400BF21BD = {
						CreatedOnToolsVersion = 14.2;
					};
				};
			};
			buildConfigurationList = 863DCDF82B39AB3300BF21BD /* Build configuration list for PBXProject "RickAndMorty" */;
			compatibilityVersion = "Xcode 14.0";
			developmentRegion = en;
			hasScannedForEncodings = 0;
			knownRegions = (
				en,
				Base,
			);
			mainGroup = 863DCDF42B39AB3300BF21BD;
			productRefGroup = 863DCDFE2B39AB3400BF21BD /* Products */;
			projectDirPath = "";
			projectRoot = "";
			targets = (
				863DCDFC2B39AB3400BF21BD /* RickAndMorty */,
			);
		};
/* End PBXProject section */

/* Begin PBXResourcesBuildPhase section */
		863DCDFB2B39AB3400BF21BD /* Resources */ = {
			isa = PBXResourcesBuildPhase;
			buildActionMask = 2147483647;
			files = (
				863DCE0D2B39AB3500BF21BD /* LaunchScreen.storyboard in Resources */,
				863DCE0A2B39AB3500BF21BD /* Assets.xcassets in Resources */,
			);
			runOnlyForDeploymentPostprocessing = 0;
		};
/* End PBXResourcesBuildPhase section */

/* Begin PBXSourcesBuildPhase section */
		863DCDF92B39AB3400BF21BD /* Sources */ = {
			isa = PBXSourcesBuildPhase;
			buildActionMask = 2147483647;
			files = (
				865D7A4F2BC6AACF006F4919 /* RMOrigin.swift in Sources */,
				865D7A512BC6AB09006F4919 /* RMSingleLocation.swift in Sources */,
				865D7A532BC6ADD5006F4919 /* RMCharacterStatus.swift in Sources */,
				865D7A552BC6AE07006F4919 /* RMCharacterGender.swift in Sources */,
				863DCE052B39AB3400BF21BD /* RMTabBarViewController.swift in Sources */,
				863DCE342B39E74F00BF21BD /* RMEpisodeViewController.swift in Sources */,
				863DCE2D2B39E65C00BF21BD /* RMEpisode.swift in Sources */,
				863DCE362B39E77A00BF21BD /* RMSettingsViewController.swift in Sources */,
				863DCE302B39E73300BF21BD /* RMCharacterViewController.swift in Sources */,
				863DCE012B39AB3400BF21BD /* AppDelegate.swift in Sources */,
				863DCE2B2B39E65300BF21BD /* RMCharacter.swift in Sources */,
				865D7A4D2BC695ED006F4919 /* RMEndpoint.swift in Sources */,
				865D7A492BC692B7006F4919 /* RMService.swift in Sources */,
				863DCE252B39E5C300BF21BD /* RMLocation.swift in Sources */,
				863DCE032B39AB3400BF21BD /* SceneDelegate.swift in Sources */,
				865D7A4B2BC692C5006F4919 /* RMRequest.swift in Sources */,
				863DCE322B39E74600BF21BD /* RMLocationViewController.swift in Sources */,
			);
			runOnlyForDeploymentPostprocessing = 0;
		};
/* End PBXSourcesBuildPhase section */

/* Begin PBXVariantGroup section */
		863DCE0B2B39AB3500BF21BD /* LaunchScreen.storyboard */ = {
			isa = PBXVariantGroup;
			children = (
				863DCE0C2B39AB3500BF21BD /* Base */,
			);
			name = LaunchScreen.storyboard;
			sourceTree = "<group>";
		};
/* End PBXVariantGroup section */

/* Begin XCBuildConfiguration section */
		863DCE0F2B39AB3500BF21BD /* Debug */ = {
			isa = XCBuildConfiguration;
			buildSettings = {
				ALWAYS_SEARCH_USER_PATHS = NO;
				CLANG_ANALYZER_NONNULL = YES;
				CLANG_ANALYZER_NUMBER_OBJECT_CONVERSION = YES_AGGRESSIVE;
				CLANG_CXX_LANGUAGE_STANDARD = "gnu++20";
				CLANG_ENABLE_MODULES = YES;
				CLANG_ENABLE_OBJC_ARC = YES;
				CLANG_ENABLE_OBJC_WEAK = YES;
				CLANG_WARN_BLOCK_CAPTURE_AUTORELEASING = YES;
				CLANG_WARN_BOOL_CONVERSION = YES;
				CLANG_WARN_COMMA = YES;
				CLANG_WARN_CONSTANT_CONVERSION = YES;
				CLANG_WARN_DEPRECATED_OBJC_IMPLEMENTATIONS = YES;
				CLANG_WARN_DIRECT_OBJC_ISA_USAGE = YES_ERROR;
				CLANG_WARN_DOCUMENTATION_COMMENTS = YES;
				CLANG_WARN_EMPTY_BODY = YES;
				CLANG_WARN_ENUM_CONVERSION = YES;
				CLANG_WARN_INFINITE_RECURSION = YES;
				CLANG_WARN_INT_CONVERSION = YES;
				CLANG_WARN_NON_LITERAL_NULL_CONVERSION = YES;
				CLANG_WARN_OBJC_IMPLICIT_RETAIN_SELF = YES;
				CLANG_WARN_OBJC_LITERAL_CONVERSION = YES;
				CLANG_WARN_OBJC_ROOT_CLASS = YES_ERROR;
				CLANG_WARN_QUOTED_INCLUDE_IN_FRAMEWORK_HEADER = YES;
				CLANG_WARN_RANGE_LOOP_ANALYSIS = YES;
				CLANG_WARN_STRICT_PROTOTYPES = YES;
				CLANG_WARN_SUSPICIOUS_MOVE = YES;
				CLANG_WARN_UNGUARDED_AVAILABILITY = YES_AGGRESSIVE;
				CLANG_WARN_UNREACHABLE_CODE = YES;
				CLANG_WARN__DUPLICATE_METHOD_MATCH = YES;
				COPY_PHASE_STRIP = NO;
				DEBUG_INFORMATION_FORMAT = dwarf;
				ENABLE_STRICT_OBJC_MSGSEND = YES;
				ENABLE_TESTABILITY = YES;
				ENABLE_USER_SCRIPT_SANDBOXING = YES;
				GCC_C_LANGUAGE_STANDARD = gnu11;
				GCC_DYNAMIC_NO_PIC = NO;
				GCC_NO_COMMON_BLOCKS = YES;
				GCC_OPTIMIZATION_LEVEL = 0;
				GCC_PREPROCESSOR_DEFINITIONS = (
					"DEBUG=1",
					"$(inherited)",
				);
				GCC_WARN_64_TO_32_BIT_CONVERSION = YES;
				GCC_WARN_ABOUT_RETURN_TYPE = YES_ERROR;
				GCC_WARN_UNDECLARED_SELECTOR = YES;
				GCC_WARN_UNINITIALIZED_AUTOS = YES_AGGRESSIVE;
				GCC_WARN_UNUSED_FUNCTION = YES;
				GCC_WARN_UNUSED_VARIABLE = YES;
				IPHONEOS_DEPLOYMENT_TARGET = 16.2;
				MTL_ENABLE_DEBUG_INFO = INCLUDE_SOURCE;
				MTL_FAST_MATH = YES;
				ONLY_ACTIVE_ARCH = YES;
				SDKROOT = iphoneos;
				SWIFT_ACTIVE_COMPILATION_CONDITIONS = DEBUG;
				SWIFT_OPTIMIZATION_LEVEL = "-Onone";
			};
			name = Debug;
		};
		863DCE102B39AB3500BF21BD /* Release */ = {
			isa = XCBuildConfiguration;
			buildSettings = {
				ALWAYS_SEARCH_USER_PATHS = NO;
				CLANG_ANALYZER_NONNULL = YES;
				CLANG_ANALYZER_NUMBER_OBJECT_CONVERSION = YES_AGGRESSIVE;
				CLANG_CXX_LANGUAGE_STANDARD = "gnu++20";
				CLANG_ENABLE_MODULES = YES;
				CLANG_ENABLE_OBJC_ARC = YES;
				CLANG_ENABLE_OBJC_WEAK = YES;
				CLANG_WARN_BLOCK_CAPTURE_AUTORELEASING = YES;
				CLANG_WARN_BOOL_CONVERSION = YES;
				CLANG_WARN_COMMA = YES;
				CLANG_WARN_CONSTANT_CONVERSION = YES;
				CLANG_WARN_DEPRECATED_OBJC_IMPLEMENTATIONS = YES;
				CLANG_WARN_DIRECT_OBJC_ISA_USAGE = YES_ERROR;
				CLANG_WARN_DOCUMENTATION_COMMENTS = YES;
				CLANG_WARN_EMPTY_BODY = YES;
				CLANG_WARN_ENUM_CONVERSION = YES;
				CLANG_WARN_INFINITE_RECURSION = YES;
				CLANG_WARN_INT_CONVERSION = YES;
				CLANG_WARN_NON_LITERAL_NULL_CONVERSION = YES;
				CLANG_WARN_OBJC_IMPLICIT_RETAIN_SELF = YES;
				CLANG_WARN_OBJC_LITERAL_CONVERSION = YES;
				CLANG_WARN_OBJC_ROOT_CLASS = YES_ERROR;
				CLANG_WARN_QUOTED_INCLUDE_IN_FRAMEWORK_HEADER = YES;
				CLANG_WARN_RANGE_LOOP_ANALYSIS = YES;
				CLANG_WARN_STRICT_PROTOTYPES = YES;
				CLANG_WARN_SUSPICIOUS_MOVE = YES;
				CLANG_WARN_UNGUARDED_AVAILABILITY = YES_AGGRESSIVE;
				CLANG_WARN_UNREACHABLE_CODE = YES;
				CLANG_WARN__DUPLICATE_METHOD_MATCH = YES;
				COPY_PHASE_STRIP = NO;
				DEBUG_INFORMATION_FORMAT = "dwarf-with-dsym";
				ENABLE_NS_ASSERTIONS = NO;
				ENABLE_STRICT_OBJC_MSGSEND = YES;
				ENABLE_USER_SCRIPT_SANDBOXING = YES;
				GCC_C_LANGUAGE_STANDARD = gnu11;
				GCC_NO_COMMON_BLOCKS = YES;
				GCC_WARN_64_TO_32_BIT_CONVERSION = YES;
				GCC_WARN_ABOUT_RETURN_TYPE = YES_ERROR;
				GCC_WARN_UNDECLARED_SELECTOR = YES;
				GCC_WARN_UNINITIALIZED_AUTOS = YES_AGGRESSIVE;
				GCC_WARN_UNUSED_FUNCTION = YES;
				GCC_WARN_UNUSED_VARIABLE = YES;
				IPHONEOS_DEPLOYMENT_TARGET = 16.2;
				MTL_ENABLE_DEBUG_INFO = NO;
				MTL_FAST_MATH = YES;
				SDKROOT = iphoneos;
				SWIFT_COMPILATION_MODE = wholemodule;
				SWIFT_OPTIMIZATION_LEVEL = "-O";
				VALIDATE_PRODUCT = YES;
			};
			name = Release;
		};
		863DCE122B39AB3500BF21BD /* Debug */ = {
			isa = XCBuildConfiguration;
			buildSettings = {
				ASSETCATALOG_COMPILER_APPICON_NAME = AppIcon;
				ASSETCATALOG_COMPILER_GLOBAL_ACCENT_COLOR_NAME = AccentColor;
				CODE_SIGN_STYLE = Automatic;
				CURRENT_PROJECT_VERSION = 1;
				DEVELOPMENT_TEAM = K693WY4Y5S;
				GENERATE_INFOPLIST_FILE = YES;
				INFOPLIST_FILE = RickAndMorty/Info.plist;
				INFOPLIST_KEY_UIApplicationSupportsIndirectInputEvents = YES;
				INFOPLIST_KEY_UILaunchStoryboardName = LaunchScreen;
				INFOPLIST_KEY_UISupportedInterfaceOrientations_iPad = "UIInterfaceOrientationPortrait UIInterfaceOrientationPortraitUpsideDown UIInterfaceOrientationLandscapeLeft UIInterfaceOrientationLandscapeRight";
				INFOPLIST_KEY_UISupportedInterfaceOrientations_iPhone = "UIInterfaceOrientationPortrait UIInterfaceOrientationLandscapeLeft UIInterfaceOrientationLandscapeRight";
				LD_RUNPATH_SEARCH_PATHS = (
					"$(inherited)",
					"@executable_path/Frameworks",
				);
				MARKETING_VERSION = 1.0;
				PRODUCT_BUNDLE_IDENTIFIER = com.skopei.teltonika.RickAndMorty;
				PRODUCT_NAME = "$(TARGET_NAME)";
				SWIFT_EMIT_LOC_STRINGS = YES;
				SWIFT_VERSION = 5.0;
				TARGETED_DEVICE_FAMILY = "1,2";
			};
			name = Debug;
		};
		863DCE132B39AB3500BF21BD /* Release */ = {
			isa = XCBuildConfiguration;
			buildSettings = {
				ASSETCATALOG_COMPILER_APPICON_NAME = AppIcon;
				ASSETCATALOG_COMPILER_GLOBAL_ACCENT_COLOR_NAME = AccentColor;
				CODE_SIGN_STYLE = Automatic;
				CURRENT_PROJECT_VERSION = 1;
				DEVELOPMENT_TEAM = K693WY4Y5S;
				GENERATE_INFOPLIST_FILE = YES;
				INFOPLIST_FILE = RickAndMorty/Info.plist;
				INFOPLIST_KEY_UIApplicationSupportsIndirectInputEvents = YES;
				INFOPLIST_KEY_UILaunchStoryboardName = LaunchScreen;
				INFOPLIST_KEY_UISupportedInterfaceOrientations_iPad = "UIInterfaceOrientationPortrait UIInterfaceOrientationPortraitUpsideDown UIInterfaceOrientationLandscapeLeft UIInterfaceOrientationLandscapeRight";
				INFOPLIST_KEY_UISupportedInterfaceOrientations_iPhone = "UIInterfaceOrientationPortrait UIInterfaceOrientationLandscapeLeft UIInterfaceOrientationLandscapeRight";
				LD_RUNPATH_SEARCH_PATHS = (
					"$(inherited)",
					"@executable_path/Frameworks",
				);
				MARKETING_VERSION = 1.0;
				PRODUCT_BUNDLE_IDENTIFIER = com.skopei.teltonika.RickAndMorty;
				PRODUCT_NAME = "$(TARGET_NAME)";
				SWIFT_EMIT_LOC_STRINGS = YES;
				SWIFT_VERSION = 5.0;
				TARGETED_DEVICE_FAMILY = "1,2";
			};
			name = Release;
		};
/* End XCBuildConfiguration section */

/* Begin XCConfigurationList section */
		863DCDF82B39AB3300BF21BD /* Build configuration list for PBXProject "RickAndMorty" */ = {
			isa = XCConfigurationList;
			buildConfigurations = (
				863DCE0F2B39AB3500BF21BD /* Debug */,
				863DCE102B39AB3500BF21BD /* Release */,
			);
			defaultConfigurationIsVisible = 0;
			defaultConfigurationName = Release;
		};
		863DCE112B39AB3500BF21BD /* Build configuration list for PBXNativeTarget "RickAndMorty" */ = {
			isa = XCConfigurationList;
			buildConfigurations = (
				863DCE122B39AB3500BF21BD /* Debug */,
				863DCE132B39AB3500BF21BD /* Release */,
			);
			defaultConfigurationIsVisible = 0;
			defaultConfigurationName = Release;
		};
/* End XCConfigurationList section */
	};
	rootObject = 863DCDF52B39AB3300BF21BD /* Project object */;
}
